
Microsoft Visual Studio Solution File, Format Version 12.00
# Visual Studio Version 16
VisualStudioVersion = 16.0.29613.14
MinimumVisualStudioVersion = 10.0.40219.1
Project("{9A19103F-16F7-4668-BE54-9A1E7A4F7556}") = "UpLoadFile", "UpLoadFile\UpLoadFile.csproj", "{1D97FE8F-34BF-45C6-88EF-75554CE842B4}"
EndProject
Project("{2150E333-8FDC-42A3-9474-1A3956D46DE8}") = "Solution Items", "Solution Items", "{CF8D5FAD-E1C3-4747-B187-5CC2D34FF11B}"
	ProjectSection(SolutionItems) = preProject
		Readme.md = Readme.md
	EndProjectSection
EndProject
Global
	GlobalSection(SolutionConfigurationPlatforms) = preSolution
		Debug|Any CPU = Debug|Any CPU
		Release|Any CPU = Release|Any CPU
	EndGlobalSection
	GlobalSection(ProjectConfigurationPlatforms) = postSolution
		{1D97FE8F-34BF-45C6-88EF-75554CE842B4}.Debug|Any CPU.ActiveCfg = Debug|Any CPU
		{1D97FE8F-34BF-45C6-88EF-75554CE842B4}.Debug|Any CPU.Build.0 = Debug|Any CPU
		{1D97FE8F-34BF-45C6-88EF-75554CE842B4}.Release|Any CPU.ActiveCfg = Release|Any CPU
		{1D97FE8F-34BF-45C6-88EF-75554CE842B4}.Release|Any CPU.Build.0 = Release|Any CPU
	EndGlobalSection
	GlobalSection(SolutionProperties) = preSolution
		HideSolutionNode = FALSE
	EndGlobalSection
	GlobalSection(ExtensibilityGlobals) = postSolution
		SolutionGuid = {0A46D05F-C8B6-4A9E-8D1F-FA6F72C4856C}
	EndGlobalSection
EndGlobal
